// !$*UTF8*$!
{
	archiveVersion = 1;
	classes = {
	};
	objectVersion = 56;
	objects = {

/* Begin PBXBuildFile section */
		BCA3704628FF1B1600C6A278 /* ToDoWithCoreDataApp.swift in Sources */ = {isa = PBXBuildFile; fileRef = BCA3704528FF1B1600C6A278 /* ToDoWithCoreDataApp.swift */; };
		BCA3704A28FF1B1A00C6A278 /* Assets.xcassets in Resources */ = {isa = PBXBuildFile; fileRef = BCA3704928FF1B1A00C6A278 /* Assets.xcassets */; };
		BCA3704D28FF1B1A00C6A278 /* Preview Assets.xcassets in Resources */ = {isa = PBXBuildFile; fileRef = BCA3704C28FF1B1A00C6A278 /* Preview Assets.xcassets */; };
		BCA3705528FF1BCD00C6A278 /* TaskViewModel.swift in Sources */ = {isa = PBXBuildFile; fileRef = BCA3705428FF1BCD00C6A278 /* TaskViewModel.swift */; };
		BCA3705728FF1C0100C6A278 /* CoreDataManager.swift in Sources */ = {isa = PBXBuildFile; fileRef = BCA3705628FF1C0000C6A278 /* CoreDataManager.swift */; };
		BCA3705A28FF1C4200C6A278 /* ListView.swift in Sources */ = {isa = PBXBuildFile; fileRef = BCA3705928FF1C4200C6A278 /* ListView.swift */; };
		BCA3705D28FF1C7700C6A278 /* TasksContainer.xcdatamodeld in Sources */ = {isa = PBXBuildFile; fileRef = BCA3705B28FF1C7700C6A278 /* TasksContainer.xcdatamodeld */; };
		BCEF1AC32900485800ADBBD1 /* TextFieldView.swift in Sources */ = {isa = PBXBuildFile; fileRef = BCEF1AC22900485800ADBBD1 /* TextFieldView.swift */; };
		BCEF1AC52900499B00ADBBD1 /* ButtonView.swift in Sources */ = {isa = PBXBuildFile; fileRef = BCEF1AC42900499B00ADBBD1 /* ButtonView.swift */; };
/* End PBXBuildFile section */

/* Begin PBXFileReference section */
		BCA3704228FF1B1600C6A278 /* ToDoWithCoreData.app */ = {isa = PBXFileReference; explicitFileType = wrapper.application; includeInIndex = 0; path = ToDoWithCoreData.app; sourceTree = BUILT_PRODUCTS_DIR; };
		BCA3704528FF1B1600C6A278 /* ToDoWithCoreDataApp.swift */ = {isa = PBXFileReference; lastKnownFileType = sourcecode.swift; path = ToDoWithCoreDataApp.swift; sourceTree = "<group>"; };
		BCA3704928FF1B1A00C6A278 /* Assets.xcassets */ = {isa = PBXFileReference; lastKnownFileType = folder.assetcatalog; path = Assets.xcassets; sourceTree = "<group>"; };
		BCA3704C28FF1B1A00C6A278 /* Preview Assets.xcassets */ = {isa = PBXFileReference; lastKnownFileType = folder.assetcatalog; path = "Preview Assets.xcassets"; sourceTree = "<group>"; };
		BCA3705428FF1BCD00C6A278 /* TaskViewModel.swift */ = {isa = PBXFileReference; lastKnownFileType = sourcecode.swift; path = TaskViewModel.swift; sourceTree = "<group>"; };
		BCA3705628FF1C0000C6A278 /* CoreDataManager.swift */ = {isa = PBXFileReference; lastKnownFileType = sourcecode.swift; path = CoreDataManager.swift; sourceTree = "<group>"; };
		BCA3705928FF1C4200C6A278 /* ListView.swift */ = {isa = PBXFileReference; lastKnownFileType = sourcecode.swift; path = ListView.swift; sourceTree = "<group>"; };
		BCA3705C28FF1C7700C6A278 /* TasksContainer.xcdatamodel */ = {isa = PBXFileReference; lastKnownFileType = wrapper.xcdatamodel; path = TasksContainer.xcdatamodel; sourceTree = "<group>"; };
		BCEF1AC22900485800ADBBD1 /* TextFieldView.swift */ = {isa = PBXFileReference; lastKnownFileType = sourcecode.swift; path = TextFieldView.swift; sourceTree = "<group>"; };
		BCEF1AC42900499B00ADBBD1 /* ButtonView.swift */ = {isa = PBXFileReference; lastKnownFileType = sourcecode.swift; path = ButtonView.swift; sourceTree = "<group>"; };
/* End PBXFileReference section */

/* Begin PBXFrameworksBuildPhase section */
		BCA3703F28FF1B1600C6A278 /* Frameworks */ = {
			isa = PBXFrameworksBuildPhase;
			buildActionMask = 2147483647;
			files = (
			);
			runOnlyForDeploymentPostprocessing = 0;
		};
/* End PBXFrameworksBuildPhase section */

/* Begin PBXGroup section */
		BCA3703928FF1B1600C6A278 = {
			isa = PBXGroup;
			children = (
				BCA3704428FF1B1600C6A278 /* ToDoWithCoreData */,
				BCA3704328FF1B1600C6A278 /* Products */,
			);
			sourceTree = "<group>";
		};
		BCA3704328FF1B1600C6A278 /* Products */ = {
			isa = PBXGroup;
			children = (
				BCA3704228FF1B1600C6A278 /* ToDoWithCoreData.app */,
			);
			name = Products;
			sourceTree = "<group>";
		};
		BCA3704428FF1B1600C6A278 /* ToDoWithCoreData */ = {
			isa = PBXGroup;
			children = (
				BCA3704528FF1B1600C6A278 /* ToDoWithCoreDataApp.swift */,
				BCA3705E28FF1C8000C6A278 /* Model */,
				BCA3705828FF1C3200C6A278 /* View */,
				BCA3705328FF1B7200C6A278 /* ViewModel */,
				BCA3704928FF1B1A00C6A278 /* Assets.xcassets */,
				BCA3704B28FF1B1A00C6A278 /* Preview Content */,
			);
			path = ToDoWithCoreData;
			sourceTree = "<group>";
		};
		BCA3704B28FF1B1A00C6A278 /* Preview Content */ = {
			isa = PBXGroup;
			children = (
				BCA3704C28FF1B1A00C6A278 /* Preview Assets.xcassets */,
			);
			path = "Preview Content";
			sourceTree = "<group>";
		};
		BCA3705328FF1B7200C6A278 /* ViewModel */ = {
			isa = PBXGroup;
			children = (
				BCA3705428FF1BCD00C6A278 /* TaskViewModel.swift */,
				BCA3705628FF1C0000C6A278 /* CoreDataManager.swift */,
			);
			path = ViewModel;
			sourceTree = "<group>";
		};
		BCA3705828FF1C3200C6A278 /* View */ = {
			isa = PBXGroup;
			children = (
				BCA3705928FF1C4200C6A278 /* ListView.swift */,
				BCEF1AC22900485800ADBBD1 /* TextFieldView.swift */,
				BCEF1AC42900499B00ADBBD1 /* ButtonView.swift */,
			);
			path = View;
			sourceTree = "<group>";
		};
		BCA3705E28FF1C8000C6A278 /* Model */ = {
			isa = PBXGroup;
			children = (
				BCA3705B28FF1C7700C6A278 /* TasksContainer.xcdatamodeld */,
			);
			path = Model;
			sourceTree = "<group>";
		};
/* End PBXGroup section */

/* Begin PBXNativeTarget section */
		BCA3704128FF1B1600C6A278 /* ToDoWithCoreData */ = {
			isa = PBXNativeTarget;
			buildConfigurationList = BCA3705028FF1B1A00C6A278 /* Build configuration list for PBXNativeTarget "ToDoWithCoreData" */;
			buildPhases = (
				BCA3703E28FF1B1600C6A278 /* Sources */,
				BCA3703F28FF1B1600C6A278 /* Frameworks */,
				BCA3704028FF1B1600C6A278 /* Resources */,
			);
			buildRules = (
			);
			dependencies = (
			);
			name = ToDoWithCoreData;
			productName = ToDoWithCoreData;
			productReference = BCA3704228FF1B1600C6A278 /* ToDoWithCoreData.app */;
			productType = "com.apple.product-type.application";
		};
/* End PBXNativeTarget section */

/* Begin PBXProject section */
		BCA3703A28FF1B1600C6A278 /* Project object */ = {
			isa = PBXProject;
			attributes = {
				BuildIndependentTargetsInParallel = 1;
				LastSwiftUpdateCheck = 1400;
				LastUpgradeCheck = 1400;
				TargetAttributes = {
					BCA3704128FF1B1600C6A278 = {
						CreatedOnToolsVersion = 14.0;
					};
				};
			};
			buildConfigurationList = BCA3703D28FF1B1600C6A278 /* Build configuration list for PBXProject "ToDoWithCoreData" */;
			compatibilityVersion = "Xcode 14.0";
			developmentRegion = en;
			hasScannedForEncodings = 0;
			knownRegions = (
				en,
				Base,
			);
			mainGroup = BCA3703928FF1B1600C6A278;
			productRefGroup = BCA3704328FF1B1600C6A278 /* Products */;
			projectDirPath = "";
			projectRoot = "";
			targets = (
				BCA3704128FF1B1600C6A278 /* ToDoWithCoreData */,
			);
		};
/* End PBXProject section */

/* Begin PBXResourcesBuildPhase section */
		BCA3704028FF1B1600C6A278 /* Resources */ = {
			isa = PBXResourcesBuildPhase;
			buildActionMask = 2147483647;
			files = (
				BCA3704D28FF1B1A00C6A278 /* Preview Assets.xcassets in Resources */,
				BCA3704A28FF1B1A00C6A278 /* Assets.xcassets in Resources */,
			);
			runOnlyForDeploymentPostprocessing = 0;
		};
/* End PBXResourcesBuildPhase section */

/* Begin PBXSourcesBuildPhase section */
		BCA3703E28FF1B1600C6A278 /* Sources */ = {
			isa = PBXSourcesBuildPhase;
			buildActionMask = 2147483647;
			files = (
				BCA3705A28FF1C4200C6A278 /* ListView.swift in Sources */,
				BCA3705D28FF1C7700C6A278 /* TasksContainer.xcdatamodeld in Sources */,
				BCEF1AC32900485800ADBBD1 /* TextFieldView.swift in Sources */,
				BCA3705528FF1BCD00C6A278 /* TaskViewModel.swift in Sources */,
				BCA3705728FF1C0100C6A278 /* CoreDataManager.swift in Sources */,
				BCA3704628FF1B1600C6A278 /* ToDoWithCoreDataApp.swift in Sources */,
				BCEF1AC52900499B00ADBBD1 /* ButtonView.swift in Sources */,
			);
			runOnlyForDeploymentPostprocessing = 0;
		};
/* End PBXSourcesBuildPhase section */

/* Begin XCBuildConfiguration section */
		BCA3704E28FF1B1A00C6A278 /* Debug */ = {
			isa = XCBuildConfiguration;
			buildSettings = {
				ALWAYS_SEARCH_USER_PATHS = NO;
				CLANG_ANALYZER_NONNULL = YES;
				CLANG_ANALYZER_NUMBER_OBJECT_CONVERSION = YES_AGGRESSIVE;
				CLANG_CXX_LANGUAGE_STANDARD = "gnu++20";
				CLANG_ENABLE_MODULES = YES;
				CLANG_ENABLE_OBJC_ARC = YES;
				CLANG_ENABLE_OBJC_WEAK = YES;
				CLANG_WARN_BLOCK_CAPTURE_AUTORELEASING = YES;
				CLANG_WARN_BOOL_CONVERSION = YES;
				CLANG_WARN_COMMA = YES;
				CLANG_WARN_CONSTANT_CONVERSION = YES;
				CLANG_WARN_DEPRECATED_OBJC_IMPLEMENTATIONS = YES;
				CLANG_WARN_DIRECT_OBJC_ISA_USAGE = YES_ERROR;
				CLANG_WARN_DOCUMENTATION_COMMENTS = YES;
				CLANG_WARN_EMPTY_BODY = YES;
				CLANG_WARN_ENUM_CONVERSION = YES;
				CLANG_WARN_INFINITE_RECURSION = YES;
				CLANG_WARN_INT_CONVERSION = YES;
				CLANG_WARN_NON_LITERAL_NULL_CONVERSION = YES;
				CLANG_WARN_OBJC_IMPLICIT_RETAIN_SELF = YES;
				CLANG_WARN_OBJC_LITERAL_CONVERSION = YES;
				CLANG_WARN_OBJC_ROOT_CLASS = YES_ERROR;
				CLANG_WARN_QUOTED_INCLUDE_IN_FRAMEWORK_HEADER = YES;
				CLANG_WARN_RANGE_LOOP_ANALYSIS = YES;
				CLANG_WARN_STRICT_PROTOTYPES = YES;
				CLANG_WARN_SUSPICIOUS_MOVE = YES;
				CLANG_WARN_UNGUARDED_AVAILABILITY = YES_AGGRESSIVE;
				CLANG_WARN_UNREACHABLE_CODE = YES;
				CLANG_WARN__DUPLICATE_METHOD_MATCH = YES;
				COPY_PHASE_STRIP = NO;
				DEBUG_INFORMATION_FORMAT = dwarf;
				ENABLE_STRICT_OBJC_MSGSEND = YES;
				ENABLE_TESTABILITY = YES;
				GCC_C_LANGUAGE_STANDARD = gnu11;
				GCC_DYNAMIC_NO_PIC = NO;
				GCC_NO_COMMON_BLOCKS = YES;
				GCC_OPTIMIZATION_LEVEL = 0;
				GCC_PREPROCESSOR_DEFINITIONS = (
					"DEBUG=1",
					"$(inherited)",
				);
				GCC_WARN_64_TO_32_BIT_CONVERSION = YES;
				GCC_WARN_ABOUT_RETURN_TYPE = YES_ERROR;
				GCC_WARN_UNDECLARED_SELECTOR = YES;
				GCC_WARN_UNINITIALIZED_AUTOS = YES_AGGRESSIVE;
				GCC_WARN_UNUSED_FUNCTION = YES;
				GCC_WARN_UNUSED_VARIABLE = YES;
				IPHONEOS_DEPLOYMENT_TARGET = 16.0;
				MTL_ENABLE_DEBUG_INFO = INCLUDE_SOURCE;
				MTL_FAST_MATH = YES;
				ONLY_ACTIVE_ARCH = YES;
				SDKROOT = iphoneos;
				SWIFT_ACTIVE_COMPILATION_CONDITIONS = DEBUG;
				SWIFT_OPTIMIZATION_LEVEL = "-Onone";
			};
			name = Debug;
		};
		BCA3704F28FF1B1A00C6A278 /* Release */ = {
			isa = XCBuildConfiguration;
			buildSettings = {
				ALWAYS_SEARCH_USER_PATHS = NO;
				CLANG_ANALYZER_NONNULL = YES;
				CLANG_ANALYZER_NUMBER_OBJECT_CONVERSION = YES_AGGRESSIVE;
				CLANG_CXX_LANGUAGE_STANDARD = "gnu++20";
				CLANG_ENABLE_MODULES = YES;
				CLANG_ENABLE_OBJC_ARC = YES;
				CLANG_ENABLE_OBJC_WEAK = YES;
				CLANG_WARN_BLOCK_CAPTURE_AUTORELEASING = YES;
				CLANG_WARN_BOOL_CONVERSION = YES;
				CLANG_WARN_COMMA = YES;
				CLANG_WARN_CONSTANT_CONVERSION = YES;
				CLANG_WARN_DEPRECATED_OBJC_IMPLEMENTATIONS = YES;
				CLANG_WARN_DIRECT_OBJC_ISA_USAGE = YES_ERROR;
				CLANG_WARN_DOCUMENTATION_COMMENTS = YES;
				CLANG_WARN_EMPTY_BODY = YES;
				CLANG_WARN_ENUM_CONVERSION = YES;
				CLANG_WARN_INFINITE_RECURSION = YES;
				CLANG_WARN_INT_CONVERSION = YES;
				CLANG_WARN_NON_LITERAL_NULL_CONVERSION = YES;
				CLANG_WARN_OBJC_IMPLICIT_RETAIN_SELF = YES;
				CLANG_WARN_OBJC_LITERAL_CONVERSION = YES;
				CLANG_WARN_OBJC_ROOT_CLASS = YES_ERROR;
				CLANG_WARN_QUOTED_INCLUDE_IN_FRAMEWORK_HEADER = YES;
				CLANG_WARN_RANGE_LOOP_ANALYSIS = YES;
				CLANG_WARN_STRICT_PROTOTYPES = YES;
				CLANG_WARN_SUSPICIOUS_MOVE = YES;
				CLANG_WARN_UNGUARDED_AVAILABILITY = YES_AGGRESSIVE;
				CLANG_WARN_UNREACHABLE_CODE = YES;
				CLANG_WARN__DUPLICATE_METHOD_MATCH = YES;
				COPY_PHASE_STRIP = NO;
				DEBUG_INFORMATION_FORMAT = "dwarf-with-dsym";
				ENABLE_NS_ASSERTIONS = NO;
				ENABLE_STRICT_OBJC_MSGSEND = YES;
				GCC_C_LANGUAGE_STANDARD = gnu11;
				GCC_NO_COMMON_BLOCKS = YES;
				GCC_WARN_64_TO_32_BIT_CONVERSION = YES;
				GCC_WARN_ABOUT_RETURN_TYPE = YES_ERROR;
				GCC_WARN_UNDECLARED_SELECTOR = YES;
				GCC_WARN_UNINITIALIZED_AUTOS = YES_AGGRESSIVE;
				GCC_WARN_UNUSED_FUNCTION = YES;
				GCC_WARN_UNUSED_VARIABLE = YES;
				IPHONEOS_DEPLOYMENT_TARGET = 16.0;
				MTL_ENABLE_DEBUG_INFO = NO;
				MTL_FAST_MATH = YES;
				SDKROOT = iphoneos;
				SWIFT_COMPILATION_MODE = wholemodule;
				SWIFT_OPTIMIZATION_LEVEL = "-O";
				VALIDATE_PRODUCT = YES;
			};
			name = Release;
		};
		BCA3705128FF1B1A00C6A278 /* Debug */ = {
			isa = XCBuildConfiguration;
			buildSettings = {
				ASSETCATALOG_COMPILER_APPICON_NAME = AppIcon;
				ASSETCATALOG_COMPILER_GLOBAL_ACCENT_COLOR_NAME = AccentColor;
				CODE_SIGN_STYLE = Automatic;
				CURRENT_PROJECT_VERSION = 1;
				DEVELOPMENT_ASSET_PATHS = "\"ToDoWithCoreData/Preview Content\"";
				DEVELOPMENT_TEAM = 589J286488;
				ENABLE_PREVIEWS = YES;
				GENERATE_INFOPLIST_FILE = YES;
				INFOPLIST_KEY_UIApplicationSceneManifest_Generation = YES;
				INFOPLIST_KEY_UIApplicationSupportsIndirectInputEvents = YES;
				INFOPLIST_KEY_UILaunchScreen_Generation = YES;
				INFOPLIST_KEY_UISupportedInterfaceOrientations_iPad = "UIInterfaceOrientationPortrait UIInterfaceOrientationPortraitUpsideDown UIInterfaceOrientationLandscapeLeft UIInterfaceOrientationLandscapeRight";
				INFOPLIST_KEY_UISupportedInterfaceOrientations_iPhone = "UIInterfaceOrientationPortrait UIInterfaceOrientationLandscapeLeft UIInterfaceOrientationLandscapeRight";
				LD_RUNPATH_SEARCH_PATHS = (
					"$(inherited)",
					"@executable_path/Frameworks",
				);
				MARKETING_VERSION = 1.0;
				PRODUCT_BUNDLE_IDENTIFIER = ptrx13.ToDoWithCoreData;
				PRODUCT_NAME = "$(TARGET_NAME)";
				SWIFT_EMIT_LOC_STRINGS = YES;
				SWIFT_VERSION = 5.0;
				TARGETED_DEVICE_FAMILY = "1,2";
			};
			name = Debug;
		};
		BCA3705228FF1B1A00C6A278 /* Release */ = {
			isa = XCBuildConfiguration;
			buildSettings = {
				ASSETCATALOG_COMPILER_APPICON_NAME = AppIcon;
				ASSETCATALOG_COMPILER_GLOBAL_ACCENT_COLOR_NAME = AccentColor;
				CODE_SIGN_STYLE = Automatic;
				CURRENT_PROJECT_VERSION = 1;
				DEVELOPMENT_ASSET_PATHS = "\"ToDoWithCoreData/Preview Content\"";
				DEVELOPMENT_TEAM = 589J286488;
				ENABLE_PREVIEWS = YES;
				GENERATE_INFOPLIST_FILE = YES;
				INFOPLIST_KEY_UIApplicationSceneManifest_Generation = YES;
				INFOPLIST_KEY_UIApplicationSupportsIndirectInputEvents = YES;
				INFOPLIST_KEY_UILaunchScreen_Generation = YES;
				INFOPLIST_KEY_UISupportedInterfaceOrientations_iPad = "UIInterfaceOrientationPortrait UIInterfaceOrientationPortraitUpsideDown UIInterfaceOrientationLandscapeLeft UIInterfaceOrientationLandscapeRight";
				INFOPLIST_KEY_UISupportedInterfaceOrientations_iPhone = "UIInterfaceOrientationPortrait UIInterfaceOrientationLandscapeLeft UIInterfaceOrientationLandscapeRight";
				LD_RUNPATH_SEARCH_PATHS = (
					"$(inherited)",
					"@executable_path/Frameworks",
				);
				MARKETING_VERSION = 1.0;
				PRODUCT_BUNDLE_IDENTIFIER = ptrx13.ToDoWithCoreData;
				PRODUCT_NAME = "$(TARGET_NAME)";
				SWIFT_EMIT_LOC_STRINGS = YES;
				SWIFT_VERSION = 5.0;
				TARGETED_DEVICE_FAMILY = "1,2";
			};
			name = Release;
		};
/* End XCBuildConfiguration section */

/* Begin XCConfigurationList section */
		BCA3703D28FF1B1600C6A278 /* Build configuration list for PBXProject "ToDoWithCoreData" */ = {
			isa = XCConfigurationList;
			buildConfigurations = (
				BCA3704E28FF1B1A00C6A278 /* Debug */,
				BCA3704F28FF1B1A00C6A278 /* Release */,
			);
			defaultConfigurationIsVisible = 0;
			defaultConfigurationName = Release;
		};
		BCA3705028FF1B1A00C6A278 /* Build configuration list for PBXNativeTarget "ToDoWithCoreData" */ = {
			isa = XCConfigurationList;
			buildConfigurations = (
				BCA3705128FF1B1A00C6A278 /* Debug */,
				BCA3705228FF1B1A00C6A278 /* Release */,
			);
			defaultConfigurationIsVisible = 0;
			defaultConfigurationName = Release;
		};
/* End XCConfigurationList section */

/* Begin XCVersionGroup section */
		BCA3705B28FF1C7700C6A278 /* TasksContainer.xcdatamodeld */ = {
			isa = XCVersionGroup;
			children = (
				BCA3705C28FF1C7700C6A278 /* TasksContainer.xcdatamodel */,
			);
			currentVersion = BCA3705C28FF1C7700C6A278 /* TasksContainer.xcdatamodel */;
			path = TasksContainer.xcdatamodeld;
			sourceTree = "<group>";
			versionGroupType = wrapper.xcdatamodel;
		};
/* End XCVersionGroup section */
	};
	rootObject = BCA3703A28FF1B1600C6A278 /* Project object */;
}
